// !$*UTF8*$!
{
	archiveVersion = 1;
	classes = {
	};
	objectVersion = 56;
	objects = {

/* Begin PBXBuildFile section */
		135C67562DA5327300E4801B /* IntrinsicContentHeightView.swift in Sources */ = {isa = PBXBuildFile; fileRef = 135C67552DA5327300E4801B /* IntrinsicContentHeightView.swift */; };
		136596EF2B05B7DD009D647A /* ScreenshotSecurity.h in Headers */ = {isa = PBXBuildFile; fileRef = 136596EE2B05B7DD009D647A /* ScreenshotSecurity.h */; settings = {ATTRIBUTES = (Public, ); }; };
		136596F82B05B81F009D647A /* UISecureField.swift in Sources */ = {isa = PBXBuildFile; fileRef = 136596F72B05B81F009D647A /* UISecureField.swift */; };
		136596FA2B05B9D0009D647A /* ScreenshotSecureView.swift in Sources */ = {isa = PBXBuildFile; fileRef = 136596F92B05B9D0009D647A /* ScreenshotSecureView.swift */; };
		136596FC2B05BEF0009D647A /* ScreenshotSecureRepresentableView.swift in Sources */ = {isa = PBXBuildFile; fileRef = 136596FB2B05BEF0009D647A /* ScreenshotSecureRepresentableView.swift */; };
		136596FE2B05C0B3009D647A /* ScreenshotSecureModifier.swift in Sources */ = {isa = PBXBuildFile; fileRef = 136596FD2B05C0B3009D647A /* ScreenshotSecureModifier.swift */; };
/* End PBXBuildFile section */

/* Begin PBXFileReference section */
		135C67552DA5327300E4801B /* IntrinsicContentHeightView.swift */ = {isa = PBXFileReference; lastKnownFileType = sourcecode.swift; path = IntrinsicContentHeightView.swift; sourceTree = "<group>"; };
		136596EB2B05B7DD009D647A /* ScreenshotSecurity.framework */ = {isa = PBXFileReference; explicitFileType = wrapper.framework; includeInIndex = 0; path = ScreenshotSecurity.framework; sourceTree = BUILT_PRODUCTS_DIR; };
		136596EE2B05B7DD009D647A /* ScreenshotSecurity.h */ = {isa = PBXFileReference; lastKnownFileType = sourcecode.c.h; path = ScreenshotSecurity.h; sourceTree = "<group>"; };
		136596F72B05B81F009D647A /* UISecureField.swift */ = {isa = PBXFileReference; lastKnownFileType = sourcecode.swift; path = UISecureField.swift; sourceTree = "<group>"; };
		136596F92B05B9D0009D647A /* ScreenshotSecureView.swift */ = {isa = PBXFileReference; lastKnownFileType = sourcecode.swift; path = ScreenshotSecureView.swift; sourceTree = "<group>"; };
		136596FB2B05BEF0009D647A /* ScreenshotSecureRepresentableView.swift */ = {isa = PBXFileReference; lastKnownFileType = sourcecode.swift; path = ScreenshotSecureRepresentableView.swift; sourceTree = "<group>"; };
		136596FD2B05C0B3009D647A /* ScreenshotSecureModifier.swift */ = {isa = PBXFileReference; lastKnownFileType = sourcecode.swift; path = ScreenshotSecureModifier.swift; sourceTree = "<group>"; };
/* End PBXFileReference section */

/* Begin PBXFrameworksBuildPhase section */
		136596E82B05B7DD009D647A /* Frameworks */ = {
			isa = PBXFrameworksBuildPhase;
			buildActionMask = 2147483647;
			files = (
			);
			runOnlyForDeploymentPostprocessing = 0;
		};
/* End PBXFrameworksBuildPhase section */

/* Begin PBXGroup section */
		136596E12B05B7DD009D647A = {
			isa = PBXGroup;
			children = (
				136596ED2B05B7DD009D647A /* ScreenshotSecurity */,
				136596EC2B05B7DD009D647A /* Products */,
			);
			sourceTree = "<group>";
		};
		136596EC2B05B7DD009D647A /* Products */ = {
			isa = PBXGroup;
			children = (
				136596EB2B05B7DD009D647A /* ScreenshotSecurity.framework */,
			);
			name = Products;
			sourceTree = "<group>";
		};
		136596ED2B05B7DD009D647A /* ScreenshotSecurity */ = {
			isa = PBXGroup;
			children = (
				136596F62B05B7ED009D647A /* SUI */,
				136596F52B05B7E3009D647A /* UIKit */,
				136596EE2B05B7DD009D647A /* ScreenshotSecurity.h */,
			);
			path = ScreenshotSecurity;
			sourceTree = "<group>";
		};
		136596F52B05B7E3009D647A /* UIKit */ = {
			isa = PBXGroup;
			children = (
				136596F72B05B81F009D647A /* UISecureField.swift */,
				136596F92B05B9D0009D647A /* ScreenshotSecureView.swift */,
				135C67552DA5327300E4801B /* IntrinsicContentHeightView.swift */,
			);
			path = UIKit;
			sourceTree = "<group>";
		};
		136596F62B05B7ED009D647A /* SUI */ = {
			isa = PBXGroup;
			children = (
				136596FB2B05BEF0009D647A /* ScreenshotSecureRepresentableView.swift */,
				136596FD2B05C0B3009D647A /* ScreenshotSecureModifier.swift */,
			);
			path = SUI;
			sourceTree = "<group>";
		};
/* End PBXGroup section */

/* Begin PBXHeadersBuildPhase section */
		136596E62B05B7DD009D647A /* Headers */ = {
			isa = PBXHeadersBuildPhase;
			buildActionMask = 2147483647;
			files = (
				136596EF2B05B7DD009D647A /* ScreenshotSecurity.h in Headers */,
			);
			runOnlyForDeploymentPostprocessing = 0;
		};
/* End PBXHeadersBuildPhase section */

/* Begin PBXNativeTarget section */
		136596EA2B05B7DD009D647A /* ScreenshotSecurity */ = {
			isa = PBXNativeTarget;
			buildConfigurationList = 136596F22B05B7DD009D647A /* Build configuration list for PBXNativeTarget "ScreenshotSecurity" */;
			buildPhases = (
				136596E62B05B7DD009D647A /* Headers */,
				136596E72B05B7DD009D647A /* Sources */,
				136596E82B05B7DD009D647A /* Frameworks */,
				136596E92B05B7DD009D647A /* Resources */,
			);
			buildRules = (
			);
			dependencies = (
			);
			name = ScreenshotSecurity;
			productName = ScreenshotSecurity;
			productReference = 136596EB2B05B7DD009D647A /* ScreenshotSecurity.framework */;
			productType = "com.apple.product-type.framework";
		};
/* End PBXNativeTarget section */

/* Begin PBXProject section */
		136596E22B05B7DD009D647A /* Project object */ = {
			isa = PBXProject;
			attributes = {
				BuildIndependentTargetsInParallel = 1;
				LastUpgradeCheck = 1500;
				TargetAttributes = {
					136596EA2B05B7DD009D647A = {
						CreatedOnToolsVersion = 15.0.1;
						LastSwiftMigration = 1500;
					};
				};
			};
			buildConfigurationList = 136596E52B05B7DD009D647A /* Build configuration list for PBXProject "ScreenshotSecurity" */;
			compatibilityVersion = "Xcode 14.0";
			developmentRegion = en;
			hasScannedForEncodings = 0;
			knownRegions = (
				en,
				Base,
			);
			mainGroup = 136596E12B05B7DD009D647A;
			productRefGroup = 136596EC2B05B7DD009D647A /* Products */;
			projectDirPath = "";
			projectRoot = "";
			targets = (
				136596EA2B05B7DD009D647A /* ScreenshotSecurity */,
			);
		};
/* End PBXProject section */

/* Begin PBXResourcesBuildPhase section */
		136596E92B05B7DD009D647A /* Resources */ = {
			isa = PBXResourcesBuildPhase;
			buildActionMask = 2147483647;
			files = (
			);
			runOnlyForDeploymentPostprocessing = 0;
		};
/* End PBXResourcesBuildPhase section */

/* Begin PBXSourcesBuildPhase section */
		136596E72B05B7DD009D647A /* Sources */ = {
			isa = PBXSourcesBuildPhase;
			buildActionMask = 2147483647;
			files = (
				136596F82B05B81F009D647A /* UISecureField.swift in Sources */,
				136596FE2B05C0B3009D647A /* ScreenshotSecureModifier.swift in Sources */,
				136596FC2B05BEF0009D647A /* ScreenshotSecureRepresentableView.swift in Sources */,
				136596FA2B05B9D0009D647A /* ScreenshotSecureView.swift in Sources */,
				135C67562DA5327300E4801B /* IntrinsicContentHeightView.swift in Sources */,
			);
			runOnlyForDeploymentPostprocessing = 0;
		};
/* End PBXSourcesBuildPhase section */

/* Begin XCBuildConfiguration section */
		136596F02B05B7DD009D647A /* Debug */ = {
			isa = XCBuildConfiguration;
			buildSettings = {
				ALWAYS_SEARCH_USER_PATHS = NO;
				ASSETCATALOG_COMPILER_GENERATE_SWIFT_ASSET_SYMBOL_EXTENSIONS = YES;
				CLANG_ANALYZER_NONNULL = YES;
				CLANG_ANALYZER_NUMBER_OBJECT_CONVERSION = YES_AGGRESSIVE;
				CLANG_CXX_LANGUAGE_STANDARD = "gnu++20";
				CLANG_ENABLE_MODULES = YES;
				CLANG_ENABLE_OBJC_ARC = YES;
				CLANG_ENABLE_OBJC_WEAK = YES;
				CLANG_WARN_BLOCK_CAPTURE_AUTORELEASING = YES;
				CLANG_WARN_BOOL_CONVERSION = YES;
				CLANG_WARN_COMMA = YES;
				CLANG_WARN_CONSTANT_CONVERSION = YES;
				CLANG_WARN_DEPRECATED_OBJC_IMPLEMENTATIONS = YES;
				CLANG_WARN_DIRECT_OBJC_ISA_USAGE = YES_ERROR;
				CLANG_WARN_DOCUMENTATION_COMMENTS = YES;
				CLANG_WARN_EMPTY_BODY = YES;
				CLANG_WARN_ENUM_CONVERSION = YES;
				CLANG_WARN_INFINITE_RECURSION = YES;
				CLANG_WARN_INT_CONVERSION = YES;
				CLANG_WARN_NON_LITERAL_NULL_CONVERSION = YES;
				CLANG_WARN_OBJC_IMPLICIT_RETAIN_SELF = YES;
				CLANG_WARN_OBJC_LITERAL_CONVERSION = YES;
				CLANG_WARN_OBJC_ROOT_CLASS = YES_ERROR;
				CLANG_WARN_QUOTED_INCLUDE_IN_FRAMEWORK_HEADER = YES;
				CLANG_WARN_RANGE_LOOP_ANALYSIS = YES;
				CLANG_WARN_STRICT_PROTOTYPES = YES;
				CLANG_WARN_SUSPICIOUS_MOVE = YES;
				CLANG_WARN_UNGUARDED_AVAILABILITY = YES_AGGRESSIVE;
				CLANG_WARN_UNREACHABLE_CODE = YES;
				CLANG_WARN__DUPLICATE_METHOD_MATCH = YES;
				COPY_PHASE_STRIP = NO;
				CURRENT_PROJECT_VERSION = 1;
				DEBUG_INFORMATION_FORMAT = dwarf;
				ENABLE_STRICT_OBJC_MSGSEND = YES;
				ENABLE_TESTABILITY = YES;
				ENABLE_USER_SCRIPT_SANDBOXING = YES;
				GCC_C_LANGUAGE_STANDARD = gnu17;
				GCC_DYNAMIC_NO_PIC = NO;
				GCC_NO_COMMON_BLOCKS = YES;
				GCC_OPTIMIZATION_LEVEL = 0;
				GCC_PREPROCESSOR_DEFINITIONS = (
					"DEBUG=1",
					"$(inherited)",
				);
				GCC_WARN_64_TO_32_BIT_CONVERSION = YES;
				GCC_WARN_ABOUT_RETURN_TYPE = YES_ERROR;
				GCC_WARN_UNDECLARED_SELECTOR = YES;
				GCC_WARN_UNINITIALIZED_AUTOS = YES_AGGRESSIVE;
				GCC_WARN_UNUSED_FUNCTION = YES;
				GCC_WARN_UNUSED_VARIABLE = YES;
				IPHONEOS_DEPLOYMENT_TARGET = 17.0;
				LOCALIZATION_PREFERS_STRING_CATALOGS = YES;
				MTL_ENABLE_DEBUG_INFO = INCLUDE_SOURCE;
				MTL_FAST_MATH = YES;
				ONLY_ACTIVE_ARCH = YES;
				SDKROOT = iphoneos;
				SWIFT_ACTIVE_COMPILATION_CONDITIONS = "DEBUG $(inherited)";
				SWIFT_OPTIMIZATION_LEVEL = "-Onone";
				VERSIONING_SYSTEM = "apple-generic";
				VERSION_INFO_PREFIX = "";
			};
			name = Debug;
		};
		136596F12B05B7DD009D647A /* Release */ = {
			isa = XCBuildConfiguration;
			buildSettings = {
				ALWAYS_SEARCH_USER_PATHS = NO;
				ASSETCATALOG_COMPILER_GENERATE_SWIFT_ASSET_SYMBOL_EXTENSIONS = YES;
				CLANG_ANALYZER_NONNULL = YES;
				CLANG_ANALYZER_NUMBER_OBJECT_CONVERSION = YES_AGGRESSIVE;
				CLANG_CXX_LANGUAGE_STANDARD = "gnu++20";
				CLANG_ENABLE_MODULES = YES;
				CLANG_ENABLE_OBJC_ARC = YES;
				CLANG_ENABLE_OBJC_WEAK = YES;
				CLANG_WARN_BLOCK_CAPTURE_AUTORELEASING = YES;
				CLANG_WARN_BOOL_CONVERSION = YES;
				CLANG_WARN_COMMA = YES;
				CLANG_WARN_CONSTANT_CONVERSION = YES;
				CLANG_WARN_DEPRECATED_OBJC_IMPLEMENTATIONS = YES;
				CLANG_WARN_DIRECT_OBJC_ISA_USAGE = YES_ERROR;
				CLANG_WARN_DOCUMENTATION_COMMENTS = YES;
				CLANG_WARN_EMPTY_BODY = YES;
				CLANG_WARN_ENUM_CONVERSION = YES;
				CLANG_WARN_INFINITE_RECURSION = YES;
				CLANG_WARN_INT_CONVERSION = YES;
				CLANG_WARN_NON_LITERAL_NULL_CONVERSION = YES;
				CLANG_WARN_OBJC_IMPLICIT_RETAIN_SELF = YES;
				CLANG_WARN_OBJC_LITERAL_CONVERSION = YES;
				CLANG_WARN_OBJC_ROOT_CLASS = YES_ERROR;
				CLANG_WARN_QUOTED_INCLUDE_IN_FRAMEWORK_HEADER = YES;
				CLANG_WARN_RANGE_LOOP_ANALYSIS = YES;
				CLANG_WARN_STRICT_PROTOTYPES = YES;
				CLANG_WARN_SUSPICIOUS_MOVE = YES;
				CLANG_WARN_UNGUARDED_AVAILABILITY = YES_AGGRESSIVE;
				CLANG_WARN_UNREACHABLE_CODE = YES;
				CLANG_WARN__DUPLICATE_METHOD_MATCH = YES;
				COPY_PHASE_STRIP = NO;
				CURRENT_PROJECT_VERSION = 1;
				DEBUG_INFORMATION_FORMAT = "dwarf-with-dsym";
				ENABLE_NS_ASSERTIONS = NO;
				ENABLE_STRICT_OBJC_MSGSEND = YES;
				ENABLE_USER_SCRIPT_SANDBOXING = YES;
				GCC_C_LANGUAGE_STANDARD = gnu17;
				GCC_NO_COMMON_BLOCKS = YES;
				GCC_WARN_64_TO_32_BIT_CONVERSION = YES;
				GCC_WARN_ABOUT_RETURN_TYPE = YES_ERROR;
				GCC_WARN_UNDECLARED_SELECTOR = YES;
				GCC_WARN_UNINITIALIZED_AUTOS = YES_AGGRESSIVE;
				GCC_WARN_UNUSED_FUNCTION = YES;
				GCC_WARN_UNUSED_VARIABLE = YES;
				IPHONEOS_DEPLOYMENT_TARGET = 17.0;
				LOCALIZATION_PREFERS_STRING_CATALOGS = YES;
				MTL_ENABLE_DEBUG_INFO = NO;
				MTL_FAST_MATH = YES;
				SDKROOT = iphoneos;
				SWIFT_COMPILATION_MODE = wholemodule;
				VALIDATE_PRODUCT = YES;
				VERSIONING_SYSTEM = "apple-generic";
				VERSION_INFO_PREFIX = "";
			};
			name = Release;
		};
		136596F32B05B7DD009D647A /* Debug */ = {
			isa = XCBuildConfiguration;
			buildSettings = {
				CLANG_ENABLE_MODULES = YES;
				CODE_SIGN_STYLE = Automatic;
				CURRENT_PROJECT_VERSION = 1;
				DEFINES_MODULE = YES;
				DEVELOPMENT_TEAM = WT4WD839DY;
				DYLIB_COMPATIBILITY_VERSION = 1;
				DYLIB_CURRENT_VERSION = 1;
				DYLIB_INSTALL_NAME_BASE = "@rpath";
				ENABLE_MODULE_VERIFIER = YES;
				GENERATE_INFOPLIST_FILE = YES;
				INFOPLIST_KEY_NSHumanReadableCopyright = "";
				INSTALL_PATH = "$(LOCAL_LIBRARY_DIR)/Frameworks";
				IPHONEOS_DEPLOYMENT_TARGET = 15.0;
				LD_RUNPATH_SEARCH_PATHS = (
					"$(inherited)",
					"@executable_path/Frameworks",
					"@loader_path/Frameworks",
				);
				MARKETING_VERSION = 1.0;
				MODULE_VERIFIER_SUPPORTED_LANGUAGES = "objective-c objective-c++";
				MODULE_VERIFIER_SUPPORTED_LANGUAGE_STANDARDS = "gnu17 gnu++20";
				PRODUCT_BUNDLE_IDENTIFIER = eva0x01.ScreenshotSecurity;
				PRODUCT_NAME = "$(TARGET_NAME:c99extidentifier)";
				SKIP_INSTALL = YES;
				SWIFT_EMIT_LOC_STRINGS = YES;
				SWIFT_OPTIMIZATION_LEVEL = "-Onone";
				SWIFT_VERSION = 5.0;
				TARGETED_DEVICE_FAMILY = "1,2";
			};
			name = Debug;
		};
		136596F42B05B7DD009D647A /* Release */ = {
			isa = XCBuildConfiguration;
			buildSettings = {
				CLANG_ENABLE_MODULES = YES;
				CODE_SIGN_STYLE = Automatic;
				CURRENT_PROJECT_VERSION = 1;
				DEFINES_MODULE = YES;
				DEVELOPMENT_TEAM = WT4WD839DY;
				DYLIB_COMPATIBILITY_VERSION = 1;
				DYLIB_CURRENT_VERSION = 1;
				DYLIB_INSTALL_NAME_BASE = "@rpath";
				ENABLE_MODULE_VERIFIER = YES;
				GENERATE_INFOPLIST_FILE = YES;
				INFOPLIST_KEY_NSHumanReadableCopyright = "";
				INSTALL_PATH = "$(LOCAL_LIBRARY_DIR)/Frameworks";
				IPHONEOS_DEPLOYMENT_TARGET = 15.0;
				LD_RUNPATH_SEARCH_PATHS = (
					"$(inherited)",
					"@executable_path/Frameworks",
					"@loader_path/Frameworks",
				);
				MARKETING_VERSION = 1.0;
				MODULE_VERIFIER_SUPPORTED_LANGUAGES = "objective-c objective-c++";
				MODULE_VERIFIER_SUPPORTED_LANGUAGE_STANDARDS = "gnu17 gnu++20";
				PRODUCT_BUNDLE_IDENTIFIER = eva0x01.ScreenshotSecurity;
				PRODUCT_NAME = "$(TARGET_NAME:c99extidentifier)";
				SKIP_INSTALL = YES;
				SWIFT_EMIT_LOC_STRINGS = YES;
				SWIFT_VERSION = 5.0;
				TARGETED_DEVICE_FAMILY = "1,2";
			};
			name = Release;
		};
/* End XCBuildConfiguration section */

/* Begin XCConfigurationList section */
		136596E52B05B7DD009D647A /* Build configuration list for PBXProject "ScreenshotSecurity" */ = {
			isa = XCConfigurationList;
			buildConfigurations = (
				136596F02B05B7DD009D647A /* Debug */,
				136596F12B05B7DD009D647A /* Release */,
			);
			defaultConfigurationIsVisible = 0;
			defaultConfigurationName = Release;
		};
		136596F22B05B7DD009D647A /* Build configuration list for PBXNativeTarget "ScreenshotSecurity" */ = {
			isa = XCConfigurationList;
			buildConfigurations = (
				136596F32B05B7DD009D647A /* Debug */,
				136596F42B05B7DD009D647A /* Release */,
			);
			defaultConfigurationIsVisible = 0;
			defaultConfigurationName = Release;
		};
/* End XCConfigurationList section */
	};
	rootObject = 136596E22B05B7DD009D647A /* Project object */;
}
